
Microsoft Visual Studio Solution File, Format Version 12.00
# Visual Studio Version 16
VisualStudioVersion = 16.0.30104.148
MinimumVisualStudioVersion = 10.0.40219.1
Project("{FAE04EC0-301F-11D3-BF4B-00C04F79EFBC}") = "RunCoverletReport", "RunCoverletReport\RunCoverletReport.csproj", "{9EDCA5DB-60AF-4C2A-BC09-DC5EB4A14131}"
EndProject
Project("{2150E333-8FDC-42A3-9474-1A3956D46DE8}") = "Solution Items", "Solution Items", "{9A981C0A-4287-4895-AC98-8F20A2F3106D}"
	ProjectSection(SolutionItems) = preProject
		..\..\.gitignore = ..\..\.gitignore
		..\..\README.md = ..\..\README.md
	EndProjectSection
EndProject
Project("{9A19103F-16F7-4668-BE54-9A1E7A4F7556}") = "RunCoverletReport.Tests", "RunCoverletReport.Tests\RunCoverletReport.Tests.csproj", "{3BC702DD-A0F9-40BF-B42F-6F67CED7D061}"
EndProject
Global
	GlobalSection(SolutionConfigurationPlatforms) = preSolution
		Debug|Any CPU = Debug|Any CPU
		Release|Any CPU = Release|Any CPU
	EndGlobalSection
	GlobalSection(ProjectConfigurationPlatforms) = postSolution
		{9EDCA5DB-60AF-4C2A-BC09-DC5EB4A14131}.Debug|Any CPU.ActiveCfg = Debug|Any CPU
		{9EDCA5DB-60AF-4C2A-BC09-DC5EB4A14131}.Debug|Any CPU.Build.0 = Debug|Any CPU
		{9EDCA5DB-60AF-4C2A-BC09-DC5EB4A14131}.Release|Any CPU.ActiveCfg = Release|Any CPU
		{9EDCA5DB-60AF-4C2A-BC09-DC5EB4A14131}.Release|Any CPU.Build.0 = Release|Any CPU
		{3BC702DD-A0F9-40BF-B42F-6F67CED7D061}.Debug|Any CPU.ActiveCfg = Debug|Any CPU
		{3BC702DD-A0F9-40BF-B42F-6F67CED7D061}.Debug|Any CPU.Build.0 = Debug|Any CPU
		{3BC702DD-A0F9-40BF-B42F-6F67CED7D061}.Release|Any CPU.ActiveCfg = Release|Any CPU
		{3BC702DD-A0F9-40BF-B42F-6F67CED7D061}.Release|Any CPU.Build.0 = Release|Any CPU
	EndGlobalSection
	GlobalSection(SolutionProperties) = preSolution
		HideSolutionNode = FALSE
	EndGlobalSection
	GlobalSection(ExtensibilityGlobals) = postSolution
		SolutionGuid = {E9266844-EF12-405A-A65B-7AF981B2A8F0}
	EndGlobalSection
EndGlobal
